<?xml version="1.0" encoding="utf-8"?>
<Project ToolsVersion="4.0" xmlns="http://schemas.microsoft.com/developer/msbuild/2003">
  <ItemGroup>
    <Filter Include="Orange">
      <UniqueIdentifier>{418A6CC8-2D2C-979E-16E7-AAF202281EEF}</UniqueIdentifier>
    </Filter>
    <Filter Include="Orange\Core">
      <UniqueIdentifier>{393FEB6E-A5F4-6364-2EE9-5D3B9A9D5A68}</UniqueIdentifier>
    </Filter>
    <Filter Include="Orange\Core\Color">
      <UniqueIdentifier>{879D73DE-F3B3-7174-3C2B-FD95A88042FC}</UniqueIdentifier>
    </Filter>
    <Filter Include="Orange\Core\Event">
      <UniqueIdentifier>{4A879BDE-B69D-9974-FF14-25966B6A6AFC}</UniqueIdentifier>
    </Filter>
    <Filter Include="Orange\Core\File">
      <UniqueIdentifier>{085A3BF7-F452-5A49-1D85-3FCE09DD3955}</UniqueIdentifier>
    </Filter>
    <Filter Include="Orange\Core\Logger">
      <UniqueIdentifier>{E8DAE2C1-D4BE-A317-3D1F-9E6A29228E99}</UniqueIdentifier>
    </Filter>
    <Filter Include="Orange\Core\Math">
      <UniqueIdentifier>{B20F3FF7-9E08-5E49-C73A-43CEB3923D55}</UniqueIdentifier>
    </Filter>
    <Filter Include="Orange\Core\Timer">
      <UniqueIdentifier>{C9F6A3DF-350D-A275-7E84-2D97EAD972FD}</UniqueIdentifier>
    </Filter>
    <Filter Include="Orange\Renderer">
      <UniqueIdentifier>{07E76131-7372-CFF5-7C83-52EAE88D2BF6}</UniqueIdentifier>
    </Filter>
    <Filter Include="Orange\Resources">
      <UniqueIdentifier>{EB344CF9-D72D-6B4B-0060-50D0ECB74A57}</UniqueIdentifier>
    </Filter>
  </ItemGroup>
  <ItemGroup>
    <ClInclude Include="src\Orange.h" />
    <ClInclude Include="src\Orange\Core\App.h">
      <Filter>Orange\Core</Filter>
    </ClInclude>
    <ClInclude Include="src\Orange\Core\Color\Color.h">
      <Filter>Orange\Core\Color</Filter>
    </ClInclude>
    <ClInclude Include="src\Orange\Core\Core.h">
      <Filter>Orange\Core</Filter>
    </ClInclude>
    <ClInclude Include="src\Orange\Core\Event\Event.h">
      <Filter>Orange\Core\Event</Filter>
    </ClInclude>
    <ClInclude Include="src\Orange\Core\Event\Events.h">
      <Filter>Orange\Core\Event</Filter>
    </ClInclude>
    <ClInclude Include="src\Orange\Core\Event\Input.h">
      <Filter>Orange\Core\Event</Filter>
    </ClInclude>
    <ClInclude Include="src\Orange\Core\Event\KeyboardCodes.h">
      <Filter>Orange\Core\Event</Filter>
    </ClInclude>
    <ClInclude Include="src\Orange\Core\Event\KeyboardEvent.h">
      <Filter>Orange\Core\Event</Filter>
    </ClInclude>
    <ClInclude Include="src\Orange\Core\Event\MouseCodes.h">
      <Filter>Orange\Core\Event</Filter>
    </ClInclude>
    <ClInclude Include="src\Orange\Core\Event\MouseEvent.h">
      <Filter>Orange\Core\Event</Filter>
    </ClInclude>
    <ClInclude Include="src\Orange\Core\Event\WindowEvent.h">
      <Filter>Orange\Core\Event</Filter>
    </ClInclude>
    <ClInclude Include="src\Orange\Core\File\File.h">
      <Filter>Orange\Core\File</Filter>
    </ClInclude>
    <ClInclude Include="src\Orange\Core\ImGuiDevice.h">
      <Filter>Orange\Core</Filter>
    </ClInclude>
    <ClInclude Include="src\Orange\Core\Layer.h">
      <Filter>Orange\Core</Filter>
    </ClInclude>
    <ClInclude Include="src\Orange\Core\Logger\Logger.h">
      <Filter>Orange\Core\Logger</Filter>
    </ClInclude>
    <ClInclude Include="src\Orange\Core\Logger\Print.h">
      <Filter>Orange\Core\Logger</Filter>
    </ClInclude>
    <ClInclude Include="src\Orange\Core\Math\Mat3.h">
      <Filter>Orange\Core\Math</Filter>
    </ClInclude>
    <ClInclude Include="src\Orange\Core\Math\Math.h">
      <Filter>Orange\Core\Math</Filter>
    </ClInclude>
    <ClInclude Include="src\Orange\Core\Math\MathFunctions.h">
      <Filter>Orange\Core\Math</Filter>
    </ClInclude>
    <ClInclude Include="src\Orange\Core\Math\RandomEngine.h">
      <Filter>Orange\Core\Math</Filter>
    </ClInclude>
    <ClInclude Include="src\Orange\Core\Math\Transform.h">
      <Filter>Orange\Core\Math</Filter>
    </ClInclude>
    <ClInclude Include="src\Orange\Core\Math\Vec2.h">
      <Filter>Orange\Core\Math</Filter>
    </ClInclude>
    <ClInclude Include="src\Orange\Core\Memory.h">
      <Filter>Orange\Core</Filter>
    </ClInclude>
    <ClInclude Include="src\Orange\Core\Object.h">
      <Filter>Orange\Core</Filter>
    </ClInclude>
    <ClInclude Include="src\Orange\Core\Timer\Timer.h">
      <Filter>Orange\Core\Timer</Filter>
    </ClInclude>
    <ClInclude Include="src\Orange\Core\UUID.h">
      <Filter>Orange\Core</Filter>
    </ClInclude>
    <ClInclude Include="src\Orange\Core\Window.h">
      <Filter>Orange\Core</Filter>
    </ClInclude>
    <ClInclude Include="src\Orange\Renderer\Camera.h">
      <Filter>Orange\Renderer</Filter>
    </ClInclude>
    <ClInclude Include="src\Orange\Renderer\FrameBuffer.h">
      <Filter>Orange\Renderer</Filter>
    </ClInclude>
    <ClInclude Include="src\Orange\Renderer\Image.h">
      <Filter>Orange\Renderer</Filter>
    </ClInclude>
    <ClInclude Include="src\Orange\Renderer\Renderer.h">
      <Filter>Orange\Renderer</Filter>
    </ClInclude>
    <ClInclude Include="src\Orange\Renderer\RendererData.h">
      <Filter>Orange\Renderer</Filter>
    </ClInclude>
    <ClInclude Include="src\Orange\Renderer\Scene.h">
      <Filter>Orange\Renderer</Filter>
    </ClInclude>
    <ClInclude Include="src\Orange\Renderer\Shader.h">
      <Filter>Orange\Renderer</Filter>
    </ClInclude>
    <ClInclude Include="src\Orange\Renderer\Texture.h">
      <Filter>Orange\Renderer</Filter>
    </ClInclude>
    <ClInclude Include="src\Orange\Renderer\Tile.h">
      <Filter>Orange\Renderer</Filter>
    </ClInclude>
    <ClInclude Include="src\Orange\Renderer\Tilemap.h">
      <Filter>Orange\Renderer</Filter>
    </ClInclude>
    <ClInclude Include="src\Orange\Renderer\Tileset.h">
      <Filter>Orange\Renderer</Filter>
    </ClInclude>
    <ClInclude Include="src\Orange\Renderer\Vertex.h">
      <Filter>Orange\Renderer</Filter>
    </ClInclude>
    <ClInclude Include="src\Orange\Renderer\VertexArray.h">
      <Filter>Orange\Renderer</Filter>
    </ClInclude>
    <ClInclude Include="src\Orange\Renderer\VertexBuffer.h">
      <Filter>Orange\Renderer</Filter>
    </ClInclude>
    <ClInclude Include="src\Orange\Resources\Resources.h">
      <Filter>Orange\Resources</Filter>
    </ClInclude>
    <ClInclude Include="src\pchOrange.h" />
  </ItemGroup>
  <ItemGroup>
    <ClCompile Include="src\Orange\Core\App.cpp">
      <Filter>Orange\Core</Filter>
    </ClCompile>
    <ClCompile Include="src\Orange\Core\Color\Color.cpp">
      <Filter>Orange\Core\Color</Filter>
    </ClCompile>
    <ClCompile Include="src\Orange\Core\EntryPoint.cpp">
      <Filter>Orange\Core</Filter>
    </ClCompile>
    <ClCompile Include="src\Orange\Core\Event\Event.cpp">
      <Filter>Orange\Core\Event</Filter>
    </ClCompile>
    <ClCompile Include="src\Orange\Core\Event\Input.cpp">
      <Filter>Orange\Core\Event</Filter>
    </ClCompile>
    <ClCompile Include="src\Orange\Core\Event\KeyboardEvent.cpp">
      <Filter>Orange\Core\Event</Filter>
    </ClCompile>
    <ClCompile Include="src\Orange\Core\Event\MouseEvent.cpp">
      <Filter>Orange\Core\Event</Filter>
    </ClCompile>
    <ClCompile Include="src\Orange\Core\File\File.cpp">
      <Filter>Orange\Core\File</Filter>
    </ClCompile>
    <ClCompile Include="src\Orange\Core\ImGuiDevice.cpp">
      <Filter>Orange\Core</Filter>
    </ClCompile>
    <ClCompile Include="src\Orange\Core\Logger\Logger.cpp">
      <Filter>Orange\Core\Logger</Filter>
    </ClCompile>
    <ClCompile Include="src\Orange\Core\Math\Mat3.cpp">
      <Filter>Orange\Core\Math</Filter>
    </ClCompile>
    <ClCompile Include="src\Orange\Core\Math\MathFunctions.cpp">
      <Filter>Orange\Core\Math</Filter>
    </ClCompile>
    <ClCompile Include="src\Orange\Core\Math\RandomEngine.cpp">
      <Filter>Orange\Core\Math</Filter>
    </ClCompile>
    <ClCompile Include="src\Orange\Core\Object.cpp">
      <Filter>Orange\Core</Filter>
    </ClCompile>
    <ClCompile Include="src\Orange\Core\Timer\Timer.cpp">
      <Filter>Orange\Core\Timer</Filter>
    </ClCompile>
    <ClCompile Include="src\Orange\Core\UUID.cpp">
      <Filter>Orange\Core</Filter>
    </ClCompile>
    <ClCompile Include="src\Orange\Core\Window.cpp">
      <Filter>Orange\Core</Filter>
    </ClCompile>
    <ClCompile Include="src\Orange\Renderer\Camera.cpp">
      <Filter>Orange\Renderer</Filter>
    </ClCompile>
    <ClCompile Include="src\Orange\Renderer\FrameBuffer.cpp">
      <Filter>Orange\Renderer</Filter>
    </ClCompile>
    <ClCompile Include="src\Orange\Renderer\Image.cpp">
      <Filter>Orange\Renderer</Filter>
    </ClCompile>
    <ClCompile Include="src\Orange\Renderer\Renderer.cpp">
      <Filter>Orange\Renderer</Filter>
    </ClCompile>
    <ClCompile Include="src\Orange\Renderer\Scene.cpp">
      <Filter>Orange\Renderer</Filter>
    </ClCompile>
    <ClCompile Include="src\Orange\Renderer\Shader.cpp">
      <Filter>Orange\Renderer</Filter>
    </ClCompile>
    <ClCompile Include="src\Orange\Renderer\Texture.cpp">
      <Filter>Orange\Renderer</Filter>
    </ClCompile>
    <ClCompile Include="src\Orange\Renderer\Tile.cpp">
      <Filter>Orange\Renderer</Filter>
    </ClCompile>
    <ClCompile Include="src\Orange\Renderer\Tilemap.cpp">
      <Filter>Orange\Renderer</Filter>
    </ClCompile>
    <ClCompile Include="src\Orange\Renderer\Tileset.cpp">
      <Filter>Orange\Renderer</Filter>
    </ClCompile>
    <ClCompile Include="src\Orange\Renderer\VertexArray.cpp">
      <Filter>Orange\Renderer</Filter>
    </ClCompile>
    <ClCompile Include="src\Orange\Renderer\VertexBuffer.cpp">
      <Filter>Orange\Renderer</Filter>
    </ClCompile>
    <ClCompile Include="src\Orange\Resources\Resources.cpp">
      <Filter>Orange\Resources</Filter>
    </ClCompile>
    <ClCompile Include="src\pchOrange.cpp" />
  </ItemGroup>
</Project>