<?xml version="1.0" encoding="utf-8"?>
<Project ToolsVersion="4.0" xmlns="http://schemas.microsoft.com/developer/msbuild/2003">
  <ItemGroup>
    <Filter Include="Orange">
      <UniqueIdentifier>{418A6CC8-2D2C-979E-16E7-AAF202281EEF}</UniqueIdentifier>
    </Filter>
    <Filter Include="Orange\Core">
      <UniqueIdentifier>{393FEB6E-A5F4-6364-2EE9-5D3B9A9D5A68}</UniqueIdentifier>
    </Filter>
    <Filter Include="Orange\Core\Event">
      <UniqueIdentifier>{4A879BDE-B69D-9974-FF14-25966B6A6AFC}</UniqueIdentifier>
    </Filter>
    <Filter Include="Orange\Core\Logger">
      <UniqueIdentifier>{E8DAE2C1-D4BE-A317-3D1F-9E6A29228E99}</UniqueIdentifier>
    </Filter>
  </ItemGroup>
  <ItemGroup>
    <ClInclude Include="src\Orange.h" />
    <ClInclude Include="src\Orange\Core\App.h">
      <Filter>Orange\Core</Filter>
    </ClInclude>
    <ClInclude Include="src\Orange\Core\Core.h">
      <Filter>Orange\Core</Filter>
    </ClInclude>
    <ClInclude Include="src\Orange\Core\Event\Event.h">
      <Filter>Orange\Core\Event</Filter>
    </ClInclude>
    <ClInclude Include="src\Orange\Core\Event\Events.h">
      <Filter>Orange\Core\Event</Filter>
    </ClInclude>
    <ClInclude Include="src\Orange\Core\Event\Input.h">
      <Filter>Orange\Core\Event</Filter>
    </ClInclude>
    <ClInclude Include="src\Orange\Core\Event\KeyboardCodes.h">
      <Filter>Orange\Core\Event</Filter>
    </ClInclude>
    <ClInclude Include="src\Orange\Core\Event\KeyboardEvent.h">
      <Filter>Orange\Core\Event</Filter>
    </ClInclude>
    <ClInclude Include="src\Orange\Core\Event\MouseCodes.h">
      <Filter>Orange\Core\Event</Filter>
    </ClInclude>
    <ClInclude Include="src\Orange\Core\Event\MouseEvent.h">
      <Filter>Orange\Core\Event</Filter>
    </ClInclude>
    <ClInclude Include="src\Orange\Core\Event\WindowEvent.h">
      <Filter>Orange\Core\Event</Filter>
    </ClInclude>
    <ClInclude Include="src\Orange\Core\Logger\Logger.h">
      <Filter>Orange\Core\Logger</Filter>
    </ClInclude>
    <ClInclude Include="src\Orange\Core\Logger\Print.h">
      <Filter>Orange\Core\Logger</Filter>
    </ClInclude>
    <ClInclude Include="src\Orange\Core\Memory.h">
      <Filter>Orange\Core</Filter>
    </ClInclude>
    <ClInclude Include="src\Orange\Core\Window.h">
      <Filter>Orange\Core</Filter>
    </ClInclude>
    <ClInclude Include="src\pchOrange.h" />
    <ClInclude Include="src\Orange\Core\Math\Vec2.h" />
    <ClInclude Include="src\Orange\Core\Math\Math.h" />
    <ClInclude Include="src\Orange\Core\Math\MathFunctions.h" />
    <ClInclude Include="src\Orange\Core\Color\Color.h" />
    <ClInclude Include="src\Orange\Core\File\File.h" />
    <ClInclude Include="src\Orange\Renderer\Renderer.h" />
    <ClInclude Include="src\Orange\Renderer\Shader.h" />
    <ClInclude Include="src\Orange\Renderer\VertexBuffer.h" />
    <ClInclude Include="src\Orange\Renderer\VertexArray.h" />
    <ClInclude Include="src\Orange\Core\Math\Mat3.h" />
    <ClInclude Include="src\Orange\Renderer\Vertex.h" />
    <ClInclude Include="src\Orange\Renderer\RendererData.h" />
  </ItemGroup>
  <ItemGroup>
    <ClCompile Include="src\Orange\Core\App.cpp">
      <Filter>Orange\Core</Filter>
    </ClCompile>
    <ClCompile Include="src\Orange\Core\EntryPoint.cpp">
      <Filter>Orange\Core</Filter>
    </ClCompile>
    <ClCompile Include="src\Orange\Core\Event\Event.cpp">
      <Filter>Orange\Core\Event</Filter>
    </ClCompile>
    <ClCompile Include="src\Orange\Core\Event\Input.cpp">
      <Filter>Orange\Core\Event</Filter>
    </ClCompile>
    <ClCompile Include="src\Orange\Core\Event\KeyboardEvent.cpp">
      <Filter>Orange\Core\Event</Filter>
    </ClCompile>
    <ClCompile Include="src\Orange\Core\Event\MouseEvent.cpp">
      <Filter>Orange\Core\Event</Filter>
    </ClCompile>
    <ClCompile Include="src\Orange\Core\Logger\Logger.cpp">
      <Filter>Orange\Core\Logger</Filter>
    </ClCompile>
    <ClCompile Include="src\Orange\Core\Window.cpp">
      <Filter>Orange\Core</Filter>
    </ClCompile>
    <ClCompile Include="src\pchOrange.cpp" />
    <ClCompile Include="src\Orange\Core\Math\MathFunctions.cpp" />
    <ClCompile Include="src\Orange\Core\Color\Color.cpp" />
    <ClCompile Include="src\Orange\Core\File\File.cpp" />
    <ClCompile Include="src\Orange\Renderer\Renderer.cpp" />
    <ClCompile Include="src\Orange\Renderer\Shader.cpp" />
    <ClCompile Include="src\Orange\Renderer\VertexBuffer.cpp" />
    <ClCompile Include="src\Orange\Renderer\VertexArray.cpp" />
    <ClCompile Include="src\Orange\Core\Math\Mat3.cpp" />
  </ItemGroup>
</Project>